
Microsoft Visual Studio Solution File, Format Version 12.00
# Visual Studio Version 16
VisualStudioVersion = 16.0.30804.86
MinimumVisualStudioVersion = 10.0.40219.1
Project("{FAE04EC0-301F-11D3-BF4B-00C04F79EFBC}") = "CVC-Poc", "CVC-Poc\CVC-Poc.csproj", "{635547A8-4E07-4CB4-AF4A-C552FD70C8BA}"
EndProject
Global
	GlobalSection(SolutionConfigurationPlatforms) = preSolution
		Debug|Any CPU = Debug|Any CPU
		Release|Any CPU = Release|Any CPU
	EndGlobalSection
	GlobalSection(ProjectConfigurationPlatforms) = postSolution
		{635547A8-4E07-4CB4-AF4A-C552FD70C8BA}.Debug|Any CPU.ActiveCfg = Debug|Any CPU
		{635547A8-4E07-4CB4-AF4A-C552FD70C8BA}.Debug|Any CPU.Build.0 = Debug|Any CPU
		{635547A8-4E07-4CB4-AF4A-C552FD70C8BA}.Release|Any CPU.ActiveCfg = Release|Any CPU
		{635547A8-4E07-4CB4-AF4A-C552FD70C8BA}.Release|Any CPU.Build.0 = Release|Any CPU
	EndGlobalSection
	GlobalSection(SolutionProperties) = preSolution
		HideSolutionNode = FALSE
	EndGlobalSection
	GlobalSection(ExtensibilityGlobals) = postSolution
		SolutionGuid = {1D0357E9-5C89-4FD6-BDD9-EC80939D7FE1}
	EndGlobalSection
EndGlobal
